# THIS IS AN AUTOGENERATED FILE. DO NOT EDIT THIS FILE DIRECTLY.
# yarn lockfile v1


createjs@^1.0.1:
  version "1.0.1"
  resolved "https://registry.yarnpkg.com/createjs/-/createjs-1.0.1.tgz#163e8ba35814f62c8033cd9628033f190dfdaa9f"
  integrity sha512-VutFczgM8GNzOSiFKlYEwFRgZRMQkZt34ooaewKi7lzxuQ7JSsUs/Y1qb95G4CKOnHA/C/yghCJ6wfivuKOawA==

easejs@^0.2.9:
  version "0.2.9"
  resolved "https://registry.yarnpkg.com/easejs/-/easejs-0.2.9.tgz#e57e16d3a7b4450a8fa4b7a44ab320cdf6600b29"
  integrity sha512-blPZOLJM2RHhgjlIBhiiwzjH3VjeSPKFVqPFTTJjH+Y2NV5FUaYyzk5qMxtf/7IUx+vv5FFbFfRQUQ5TMqP2Tw==

preloadjs@^1.0.1:
  version "1.0.1"
  resolved "https://registry.yarnpkg.com/preloadjs/-/preloadjs-1.0.1.tgz#71d14e94a8c94b1f6def2b01891d6bcd7e788c5d"
  integrity sha512-XwdxL9bfoq9abJU4lVBJDVgbxWvQOk/BbuwXKEEG5BaduY7S8N1VXX4My5PM/UwW6Xf4uWAvWzwWlzb20uECxQ==

soundjs@^1.0.1:
  version "1.0.1"
  resolved "https://registry.yarnpkg.com/soundjs/-/soundjs-1.0.1.tgz#99970542d28d0df2a1ebd061ae75c961a98c8180"
  integrity sha512-MgFPvmKYfpcNiE3X5XybNvScie3DMQlZgmNzUn4puBcpw64f4LqjH/fhM8Sb/eTJ8hK57Crr7mWy0bfJOqPj6Q==

tweenjs@^1.0.2:
  version "1.0.2"
  resolved "https://registry.yarnpkg.com/tweenjs/-/tweenjs-1.0.2.tgz#768869c4d4ba91fdb4c5ccc661969c58138555af"
  integrity sha512-WnFozCNkUkmJtLqJyGrToxVojW2Srzudktr8BzFKQijQRVcmlq7Fc+qfo75ccnwIJGiRWbXKfg7qU67Tzbb1bg==
